
Microsoft Visual Studio Solution File, Format Version 12.00
# Visual Studio 15
VisualStudioVersion = 15.0.28124.53
MinimumVisualStudioVersion = 10.0.40219.1
Project("{9A19103F-16F7-4668-BE54-9A1E7A4F7556}") = "WebMVC", "WebMVC.csproj", "{649FC638-3F75-41AE-AB87-F3AAA3C5B526}"
EndProject
Global
	GlobalSection(SolutionConfigurationPlatforms) = preSolution
		Debug|Any CPU = Debug|Any CPU
		Release|Any CPU = Release|Any CPU
	EndGlobalSection
	GlobalSection(ProjectConfigurationPlatforms) = postSolution
		{649FC638-3F75-41AE-AB87-F3AAA3C5B526}.Debug|Any CPU.ActiveCfg = Debug|Any CPU
		{649FC638-3F75-41AE-AB87-F3AAA3C5B526}.Debug|Any CPU.Build.0 = Debug|Any CPU
		{649FC638-3F75-41AE-AB87-F3AAA3C5B526}.Release|Any CPU.ActiveCfg = Release|Any CPU
		{649FC638-3F75-41AE-AB87-F3AAA3C5B526}.Release|Any CPU.Build.0 = Release|Any CPU
	EndGlobalSection
	GlobalSection(SolutionProperties) = preSolution
		HideSolutionNode = FALSE
	EndGlobalSection
	GlobalSection(ExtensibilityGlobals) = postSolution
		SolutionGuid = {0ECAB8D3-EFB6-4761-A02B-25EFCB2B491A}
	EndGlobalSection
EndGlobal
